
Microsoft Visual Studio Solution File, Format Version 12.00
# Visual Studio Version 16
VisualStudioVersion = 16.0.30320.27
MinimumVisualStudioVersion = 10.0.40219.1
Project("{FAE04EC0-301F-11D3-BF4B-00C04F79EFBC}") = "FirstFunction", "FirstFunction\FirstFunction.csproj", "{88EDE06F-1BE1-4143-A3C7-1CB8C7033F01}"
EndProject
Global
	GlobalSection(SolutionConfigurationPlatforms) = preSolution
		Debug|Any CPU = Debug|Any CPU
		Release|Any CPU = Release|Any CPU
	EndGlobalSection
	GlobalSection(ProjectConfigurationPlatforms) = postSolution
		{88EDE06F-1BE1-4143-A3C7-1CB8C7033F01}.Debug|Any CPU.ActiveCfg = Debug|Any CPU
		{88EDE06F-1BE1-4143-A3C7-1CB8C7033F01}.Debug|Any CPU.Build.0 = Debug|Any CPU
		{88EDE06F-1BE1-4143-A3C7-1CB8C7033F01}.Release|Any CPU.ActiveCfg = Release|Any CPU
		{88EDE06F-1BE1-4143-A3C7-1CB8C7033F01}.Release|Any CPU.Build.0 = Release|Any CPU
	EndGlobalSection
	GlobalSection(SolutionProperties) = preSolution
		HideSolutionNode = FALSE
	EndGlobalSection
	GlobalSection(ExtensibilityGlobals) = postSolution
		SolutionGuid = {92D0FF09-6620-4BA1-9B11-7D31B80D554E}
	EndGlobalSection
EndGlobal
